
Microsoft Visual Studio Solution File, Format Version 11.00
# Visual Studio 15
Project("{8BC9CEB8-8B4A-11D0-8D11-00A0C91BC942}") = "3d", "3d.vcxproj", "{E1C60C9D-BBB5-4DC7-ACE9-6DADFBFDE5AD}"
EndProject
Project("{8BC9CEB8-8B4A-11D0-8D11-00A0C91BC942}") = "3d_multi", "3d_multi.vcxproj", "{969DB95D-D6E5-4F4F-B7E9-D74D4606F82A}"
EndProject
Project("{8BC9CEB8-8B4A-11D0-8D11-00A0C91BC942}") = "event_parameter", "event_parameter.vcxproj", "{D4F4A4F3-FE63-4E85-AF45-802709DF734F}"
EndProject
Project("{8BC9CEB8-8B4A-11D0-8D11-00A0C91BC942}") = "load_banks", "load_banks.vcxproj", "{53E3201A-D4B0-4B2F-AC25-3DF57412239F}"
EndProject
Project("{8BC9CEB8-8B4A-11D0-8D11-00A0C91BC942}") = "music_callbacks", "music_callbacks.vcxproj", "{73ADF492-56CE-4EDC-931B-D56B4EB0DDF0}"
EndProject
Project("{8BC9CEB8-8B4A-11D0-8D11-00A0C91BC942}") = "objectpan", "objectpan.vcxproj", "{4F771511-D65B-4BC1-A022-035681CC0EB2}"
EndProject
Project("{8BC9CEB8-8B4A-11D0-8D11-00A0C91BC942}") = "programmer_sound", "programmer_sound.vcxproj", "{646323BD-8E83-452E-B17E-DA4086407E33}"
EndProject
Project("{8BC9CEB8-8B4A-11D0-8D11-00A0C91BC942}") = "recording_playback", "recording_playback.vcxproj", "{5F062FC0-013D-4A9C-8D58-A303D3481DDC}"
EndProject
Project("{8BC9CEB8-8B4A-11D0-8D11-00A0C91BC942}") = "simple_event", "simple_event.vcxproj", "{5D223839-9991-4777-87B4-F9BE749332F1}"
EndProject
Global
	GlobalSection(SolutionConfigurationPlatforms) = preSolution
		Debug|Win32 = Debug|Win32
		Debug|x64 = Debug|x64
		Debug|ARM64 = Debug|ARM64
		Release|Win32 = Release|Win32
		Release|x64 = Release|x64
		Release|ARM64 = Release|ARM64
	EndGlobalSection
	GlobalSection(ProjectConfigurationPlatforms) = postSolution
		{E1C60C9D-BBB5-4DC7-ACE9-6DADFBFDE5AD}.Debug|Win32.ActiveCfg = Debug|Win32
		{E1C60C9D-BBB5-4DC7-ACE9-6DADFBFDE5AD}.Debug|Win32.Build.0 = Debug|Win32
		{E1C60C9D-BBB5-4DC7-ACE9-6DADFBFDE5AD}.Debug|Win32.Deploy.0 = Debug|Win32
		{E1C60C9D-BBB5-4DC7-ACE9-6DADFBFDE5AD}.Debug|x64.ActiveCfg = Debug|x64
		{E1C60C9D-BBB5-4DC7-ACE9-6DADFBFDE5AD}.Debug|x64.Build.0 = Debug|x64
		{E1C60C9D-BBB5-4DC7-ACE9-6DADFBFDE5AD}.Debug|x64.Deploy.0 = Debug|x64
		{E1C60C9D-BBB5-4DC7-ACE9-6DADFBFDE5AD}.Debug|ARM64.ActiveCfg = Debug|ARM64
		{E1C60C9D-BBB5-4DC7-ACE9-6DADFBFDE5AD}.Debug|ARM64.Build.0 = Debug|ARM64
		{E1C60C9D-BBB5-4DC7-ACE9-6DADFBFDE5AD}.Debug|ARM64.Deploy.0 = Debug|ARM64
		{E1C60C9D-BBB5-4DC7-ACE9-6DADFBFDE5AD}.Release|Win32.ActiveCfg = Release|Win32
		{E1C60C9D-BBB5-4DC7-ACE9-6DADFBFDE5AD}.Release|Win32.Build.0 = Release|Win32
		{E1C60C9D-BBB5-4DC7-ACE9-6DADFBFDE5AD}.Release|Win32.Deploy.0 = Release|Win32
		{E1C60C9D-BBB5-4DC7-ACE9-6DADFBFDE5AD}.Release|x64.ActiveCfg = Release|x64
		{E1C60C9D-BBB5-4DC7-ACE9-6DADFBFDE5AD}.Release|x64.Build.0 = Release|x64
		{E1C60C9D-BBB5-4DC7-ACE9-6DADFBFDE5AD}.Release|x64.Deploy.0 = Release|x64
		{E1C60C9D-BBB5-4DC7-ACE9-6DADFBFDE5AD}.Release|ARM64.ActiveCfg = Release|ARM64
		{E1C60C9D-BBB5-4DC7-ACE9-6DADFBFDE5AD}.Release|ARM64.Build.0 = Release|ARM64
		{E1C60C9D-BBB5-4DC7-ACE9-6DADFBFDE5AD}.Release|ARM64.Deploy.0 = Release|ARM64
		{969DB95D-D6E5-4F4F-B7E9-D74D4606F82A}.Debug|Win32.ActiveCfg = Debug|Win32
		{969DB95D-D6E5-4F4F-B7E9-D74D4606F82A}.Debug|Win32.Build.0 = Debug|Win32
		{969DB95D-D6E5-4F4F-B7E9-D74D4606F82A}.Debug|Win32.Deploy.0 = Debug|Win32
		{969DB95D-D6E5-4F4F-B7E9-D74D4606F82A}.Debug|x64.ActiveCfg = Debug|x64
		{969DB95D-D6E5-4F4F-B7E9-D74D4606F82A}.Debug|x64.Build.0 = Debug|x64
		{969DB95D-D6E5-4F4F-B7E9-D74D4606F82A}.Debug|x64.Deploy.0 = Debug|x64
		{969DB95D-D6E5-4F4F-B7E9-D74D4606F82A}.Debug|ARM64.ActiveCfg = Debug|ARM64
		{969DB95D-D6E5-4F4F-B7E9-D74D4606F82A}.Debug|ARM64.Build.0 = Debug|ARM64
		{969DB95D-D6E5-4F4F-B7E9-D74D4606F82A}.Debug|ARM64.Deploy.0 = Debug|ARM64
		{969DB95D-D6E5-4F4F-B7E9-D74D4606F82A}.Release|Win32.ActiveCfg = Release|Win32
		{969DB95D-D6E5-4F4F-B7E9-D74D4606F82A}.Release|Win32.Build.0 = Release|Win32
		{969DB95D-D6E5-4F4F-B7E9-D74D4606F82A}.Release|Win32.Deploy.0 = Release|Win32
		{969DB95D-D6E5-4F4F-B7E9-D74D4606F82A}.Release|x64.ActiveCfg = Release|x64
		{969DB95D-D6E5-4F4F-B7E9-D74D4606F82A}.Release|x64.Build.0 = Release|x64
		{969DB95D-D6E5-4F4F-B7E9-D74D4606F82A}.Release|x64.Deploy.0 = Release|x64
		{969DB95D-D6E5-4F4F-B7E9-D74D4606F82A}.Release|ARM64.ActiveCfg = Release|ARM64
		{969DB95D-D6E5-4F4F-B7E9-D74D4606F82A}.Release|ARM64.Build.0 = Release|ARM64
		{969DB95D-D6E5-4F4F-B7E9-D74D4606F82A}.Release|ARM64.Deploy.0 = Release|ARM64
		{D4F4A4F3-FE63-4E85-AF45-802709DF734F}.Debug|Win32.ActiveCfg = Debug|Win32
		{D4F4A4F3-FE63-4E85-AF45-802709DF734F}.Debug|Win32.Build.0 = Debug|Win32
		{D4F4A4F3-FE63-4E85-AF45-802709DF734F}.Debug|Win32.Deploy.0 = Debug|Win32
		{D4F4A4F3-FE63-4E85-AF45-802709DF734F}.Debug|x64.ActiveCfg = Debug|x64
		{D4F4A4F3-FE63-4E85-AF45-802709DF734F}.Debug|x64.Build.0 = Debug|x64
		{D4F4A4F3-FE63-4E85-AF45-802709DF734F}.Debug|x64.Deploy.0 = Debug|x64
		{D4F4A4F3-FE63-4E85-AF45-802709DF734F}.Debug|ARM64.ActiveCfg = Debug|ARM64
		{D4F4A4F3-FE63-4E85-AF45-802709DF734F}.Debug|ARM64.Build.0 = Debug|ARM64
		{D4F4A4F3-FE63-4E85-AF45-802709DF734F}.Debug|ARM64.Deploy.0 = Debug|ARM64
		{D4F4A4F3-FE63-4E85-AF45-802709DF734F}.Release|Win32.ActiveCfg = Release|Win32
		{D4F4A4F3-FE63-4E85-AF45-802709DF734F}.Release|Win32.Build.0 = Release|Win32
		{D4F4A4F3-FE63-4E85-AF45-802709DF734F}.Release|Win32.Deploy.0 = Release|Win32
		{D4F4A4F3-FE63-4E85-AF45-802709DF734F}.Release|x64.ActiveCfg = Release|x64
		{D4F4A4F3-FE63-4E85-AF45-802709DF734F}.Release|x64.Build.0 = Release|x64
		{D4F4A4F3-FE63-4E85-AF45-802709DF734F}.Release|x64.Deploy.0 = Release|x64
		{D4F4A4F3-FE63-4E85-AF45-802709DF734F}.Release|ARM64.ActiveCfg = Release|ARM64
		{D4F4A4F3-FE63-4E85-AF45-802709DF734F}.Release|ARM64.Build.0 = Release|ARM64
		{D4F4A4F3-FE63-4E85-AF45-802709DF734F}.Release|ARM64.Deploy.0 = Release|ARM64
		{53E3201A-D4B0-4B2F-AC25-3DF57412239F}.Debug|Win32.ActiveCfg = Debug|Win32
		{53E3201A-D4B0-4B2F-AC25-3DF57412239F}.Debug|Win32.Build.0 = Debug|Win32
		{53E3201A-D4B0-4B2F-AC25-3DF57412239F}.Debug|Win32.Deploy.0 = Debug|Win32
		{53E3201A-D4B0-4B2F-AC25-3DF57412239F}.Debug|x64.ActiveCfg = Debug|x64
		{53E3201A-D4B0-4B2F-AC25-3DF57412239F}.Debug|x64.Build.0 = Debug|x64
		{53E3201A-D4B0-4B2F-AC25-3DF57412239F}.Debug|x64.Deploy.0 = Debug|x64
		{53E3201A-D4B0-4B2F-AC25-3DF57412239F}.Debug|ARM64.ActiveCfg = Debug|ARM64
		{53E3201A-D4B0-4B2F-AC25-3DF57412239F}.Debug|ARM64.Build.0 = Debug|ARM64
		{53E3201A-D4B0-4B2F-AC25-3DF57412239F}.Debug|ARM64.Deploy.0 = Debug|ARM64
		{53E3201A-D4B0-4B2F-AC25-3DF57412239F}.Release|Win32.ActiveCfg = Release|Win32
		{53E3201A-D4B0-4B2F-AC25-3DF57412239F}.Release|Win32.Build.0 = Release|Win32
		{53E3201A-D4B0-4B2F-AC25-3DF57412239F}.Release|Win32.Deploy.0 = Release|Win32
		{53E3201A-D4B0-4B2F-AC25-3DF57412239F}.Release|x64.ActiveCfg = Release|x64
		{53E3201A-D4B0-4B2F-AC25-3DF57412239F}.Release|x64.Build.0 = Release|x64
		{53E3201A-D4B0-4B2F-AC25-3DF57412239F}.Release|x64.Deploy.0 = Release|x64
		{53E3201A-D4B0-4B2F-AC25-3DF57412239F}.Release|ARM64.ActiveCfg = Release|ARM64
		{53E3201A-D4B0-4B2F-AC25-3DF57412239F}.Release|ARM64.Build.0 = Release|ARM64
		{53E3201A-D4B0-4B2F-AC25-3DF57412239F}.Release|ARM64.Deploy.0 = Release|ARM64
		{73ADF492-56CE-4EDC-931B-D56B4EB0DDF0}.Debug|Win32.ActiveCfg = Debug|Win32
		{73ADF492-56CE-4EDC-931B-D56B4EB0DDF0}.Debug|Win32.Build.0 = Debug|Win32
		{73ADF492-56CE-4EDC-931B-D56B4EB0DDF0}.Debug|Win32.Deploy.0 = Debug|Win32
		{73ADF492-56CE-4EDC-931B-D56B4EB0DDF0}.Debug|x64.ActiveCfg = Debug|x64
		{73ADF492-56CE-4EDC-931B-D56B4EB0DDF0}.Debug|x64.Build.0 = Debug|x64
		{73ADF492-56CE-4EDC-931B-D56B4EB0DDF0}.Debug|x64.Deploy.0 = Debug|x64
		{73ADF492-56CE-4EDC-931B-D56B4EB0DDF0}.Debug|ARM64.ActiveCfg = Debug|ARM64
		{73ADF492-56CE-4EDC-931B-D56B4EB0DDF0}.Debug|ARM64.Build.0 = Debug|ARM64
		{73ADF492-56CE-4EDC-931B-D56B4EB0DDF0}.Debug|ARM64.Deploy.0 = Debug|ARM64
		{73ADF492-56CE-4EDC-931B-D56B4EB0DDF0}.Release|Win32.ActiveCfg = Release|Win32
		{73ADF492-56CE-4EDC-931B-D56B4EB0DDF0}.Release|Win32.Build.0 = Release|Win32
		{73ADF492-56CE-4EDC-931B-D56B4EB0DDF0}.Release|Win32.Deploy.0 = Release|Win32
		{73ADF492-56CE-4EDC-931B-D56B4EB0DDF0}.Release|x64.ActiveCfg = Release|x64
		{73ADF492-56CE-4EDC-931B-D56B4EB0DDF0}.Release|x64.Build.0 = Release|x64
		{73ADF492-56CE-4EDC-931B-D56B4EB0DDF0}.Release|x64.Deploy.0 = Release|x64
		{73ADF492-56CE-4EDC-931B-D56B4EB0DDF0}.Release|ARM64.ActiveCfg = Release|ARM64
		{73ADF492-56CE-4EDC-931B-D56B4EB0DDF0}.Release|ARM64.Build.0 = Release|ARM64
		{73ADF492-56CE-4EDC-931B-D56B4EB0DDF0}.Release|ARM64.Deploy.0 = Release|ARM64
		{4F771511-D65B-4BC1-A022-035681CC0EB2}.Debug|Win32.ActiveCfg = Debug|Win32
		{4F771511-D65B-4BC1-A022-035681CC0EB2}.Debug|Win32.Build.0 = Debug|Win32
		{4F771511-D65B-4BC1-A022-035681CC0EB2}.Debug|Win32.Deploy.0 = Debug|Win32
		{4F771511-D65B-4BC1-A022-035681CC0EB2}.Debug|x64.ActiveCfg = Debug|x64
		{4F771511-D65B-4BC1-A022-035681CC0EB2}.Debug|x64.Build.0 = Debug|x64
		{4F771511-D65B-4BC1-A022-035681CC0EB2}.Debug|x64.Deploy.0 = Debug|x64
		{4F771511-D65B-4BC1-A022-035681CC0EB2}.Debug|ARM64.ActiveCfg = Debug|ARM64
		{4F771511-D65B-4BC1-A022-035681CC0EB2}.Debug|ARM64.Build.0 = Debug|ARM64
		{4F771511-D65B-4BC1-A022-035681CC0EB2}.Debug|ARM64.Deploy.0 = Debug|ARM64
		{4F771511-D65B-4BC1-A022-035681CC0EB2}.Release|Win32.ActiveCfg = Release|Win32
		{4F771511-D65B-4BC1-A022-035681CC0EB2}.Release|Win32.Build.0 = Release|Win32
		{4F771511-D65B-4BC1-A022-035681CC0EB2}.Release|Win32.Deploy.0 = Release|Win32
		{4F771511-D65B-4BC1-A022-035681CC0EB2}.Release|x64.ActiveCfg = Release|x64
		{4F771511-D65B-4BC1-A022-035681CC0EB2}.Release|x64.Build.0 = Release|x64
		{4F771511-D65B-4BC1-A022-035681CC0EB2}.Release|x64.Deploy.0 = Release|x64
		{4F771511-D65B-4BC1-A022-035681CC0EB2}.Release|ARM64.ActiveCfg = Release|ARM64
		{4F771511-D65B-4BC1-A022-035681CC0EB2}.Release|ARM64.Build.0 = Release|ARM64
		{4F771511-D65B-4BC1-A022-035681CC0EB2}.Release|ARM64.Deploy.0 = Release|ARM64
		{646323BD-8E83-452E-B17E-DA4086407E33}.Debug|Win32.ActiveCfg = Debug|Win32
		{646323BD-8E83-452E-B17E-DA4086407E33}.Debug|Win32.Build.0 = Debug|Win32
		{646323BD-8E83-452E-B17E-DA4086407E33}.Debug|Win32.Deploy.0 = Debug|Win32
		{646323BD-8E83-452E-B17E-DA4086407E33}.Debug|x64.ActiveCfg = Debug|x64
		{646323BD-8E83-452E-B17E-DA4086407E33}.Debug|x64.Build.0 = Debug|x64
		{646323BD-8E83-452E-B17E-DA4086407E33}.Debug|x64.Deploy.0 = Debug|x64
		{646323BD-8E83-452E-B17E-DA4086407E33}.Debug|ARM64.ActiveCfg = Debug|ARM64
		{646323BD-8E83-452E-B17E-DA4086407E33}.Debug|ARM64.Build.0 = Debug|ARM64
		{646323BD-8E83-452E-B17E-DA4086407E33}.Debug|ARM64.Deploy.0 = Debug|ARM64
		{646323BD-8E83-452E-B17E-DA4086407E33}.Release|Win32.ActiveCfg = Release|Win32
		{646323BD-8E83-452E-B17E-DA4086407E33}.Release|Win32.Build.0 = Release|Win32
		{646323BD-8E83-452E-B17E-DA4086407E33}.Release|Win32.Deploy.0 = Release|Win32
		{646323BD-8E83-452E-B17E-DA4086407E33}.Release|x64.ActiveCfg = Release|x64
		{646323BD-8E83-452E-B17E-DA4086407E33}.Release|x64.Build.0 = Release|x64
		{646323BD-8E83-452E-B17E-DA4086407E33}.Release|x64.Deploy.0 = Release|x64
		{646323BD-8E83-452E-B17E-DA4086407E33}.Release|ARM64.ActiveCfg = Release|ARM64
		{646323BD-8E83-452E-B17E-DA4086407E33}.Release|ARM64.Build.0 = Release|ARM64
		{646323BD-8E83-452E-B17E-DA4086407E33}.Release|ARM64.Deploy.0 = Release|ARM64
		{5F062FC0-013D-4A9C-8D58-A303D3481DDC}.Debug|Win32.ActiveCfg = Debug|Win32
		{5F062FC0-013D-4A9C-8D58-A303D3481DDC}.Debug|Win32.Build.0 = Debug|Win32
		{5F062FC0-013D-4A9C-8D58-A303D3481DDC}.Debug|Win32.Deploy.0 = Debug|Win32
		{5F062FC0-013D-4A9C-8D58-A303D3481DDC}.Debug|x64.ActiveCfg = Debug|x64
		{5F062FC0-013D-4A9C-8D58-A303D3481DDC}.Debug|x64.Build.0 = Debug|x64
		{5F062FC0-013D-4A9C-8D58-A303D3481DDC}.Debug|x64.Deploy.0 = Debug|x64
		{5F062FC0-013D-4A9C-8D58-A303D3481DDC}.Debug|ARM64.ActiveCfg = Debug|ARM64
		{5F062FC0-013D-4A9C-8D58-A303D3481DDC}.Debug|ARM64.Build.0 = Debug|ARM64
		{5F062FC0-013D-4A9C-8D58-A303D3481DDC}.Debug|ARM64.Deploy.0 = Debug|ARM64
		{5F062FC0-013D-4A9C-8D58-A303D3481DDC}.Release|Win32.ActiveCfg = Release|Win32
		{5F062FC0-013D-4A9C-8D58-A303D3481DDC}.Release|Win32.Build.0 = Release|Win32
		{5F062FC0-013D-4A9C-8D58-A303D3481DDC}.Release|Win32.Deploy.0 = Release|Win32
		{5F062FC0-013D-4A9C-8D58-A303D3481DDC}.Release|x64.ActiveCfg = Release|x64
		{5F062FC0-013D-4A9C-8D58-A303D3481DDC}.Release|x64.Build.0 = Release|x64
		{5F062FC0-013D-4A9C-8D58-A303D3481DDC}.Release|x64.Deploy.0 = Release|x64
		{5F062FC0-013D-4A9C-8D58-A303D3481DDC}.Release|ARM64.ActiveCfg = Release|ARM64
		{5F062FC0-013D-4A9C-8D58-A303D3481DDC}.Release|ARM64.Build.0 = Release|ARM64
		{5F062FC0-013D-4A9C-8D58-A303D3481DDC}.Release|ARM64.Deploy.0 = Release|ARM64
		{5D223839-9991-4777-87B4-F9BE749332F1}.Debug|Win32.ActiveCfg = Debug|Win32
		{5D223839-9991-4777-87B4-F9BE749332F1}.Debug|Win32.Build.0 = Debug|Win32
		{5D223839-9991-4777-87B4-F9BE749332F1}.Debug|Win32.Deploy.0 = Debug|Win32
		{5D223839-9991-4777-87B4-F9BE749332F1}.Debug|x64.ActiveCfg = Debug|x64
		{5D223839-9991-4777-87B4-F9BE749332F1}.Debug|x64.Build.0 = Debug|x64
		{5D223839-9991-4777-87B4-F9BE749332F1}.Debug|x64.Deploy.0 = Debug|x64
		{5D223839-9991-4777-87B4-F9BE749332F1}.Debug|ARM64.ActiveCfg = Debug|ARM64
		{5D223839-9991-4777-87B4-F9BE749332F1}.Debug|ARM64.Build.0 = Debug|ARM64
		{5D223839-9991-4777-87B4-F9BE749332F1}.Debug|ARM64.Deploy.0 = Debug|ARM64
		{5D223839-9991-4777-87B4-F9BE749332F1}.Release|Win32.ActiveCfg = Release|Win32
		{5D223839-9991-4777-87B4-F9BE749332F1}.Release|Win32.Build.0 = Release|Win32
		{5D223839-9991-4777-87B4-F9BE749332F1}.Release|Win32.Deploy.0 = Release|Win32
		{5D223839-9991-4777-87B4-F9BE749332F1}.Release|x64.ActiveCfg = Release|x64
		{5D223839-9991-4777-87B4-F9BE749332F1}.Release|x64.Build.0 = Release|x64
		{5D223839-9991-4777-87B4-F9BE749332F1}.Release|x64.Deploy.0 = Release|x64
		{5D223839-9991-4777-87B4-F9BE749332F1}.Release|ARM64.ActiveCfg = Release|ARM64
		{5D223839-9991-4777-87B4-F9BE749332F1}.Release|ARM64.Build.0 = Release|ARM64
		{5D223839-9991-4777-87B4-F9BE749332F1}.Release|ARM64.Deploy.0 = Release|ARM64
	EndGlobalSection
	GlobalSection(SolutionProperties) = preSolution
		HideSolutionNode = FALSE
	EndGlobalSection
EndGlobal
