
Microsoft Visual Studio Solution File, Format Version 11.00
# Visual Studio Version 16
Project("{8BC9CEB8-8B4A-11D0-8D11-00A0C91BC942}") = "3d", "3d.vcxproj", "{67885E1B-A8A2-4D72-9EB9-7CCA642F3FE3}"
EndProject
Project("{8BC9CEB8-8B4A-11D0-8D11-00A0C91BC942}") = "3d_multi", "3d_multi.vcxproj", "{7E5FDC62-A02E-48C1-A555-758D7BBCFDF7}"
EndProject
Project("{8BC9CEB8-8B4A-11D0-8D11-00A0C91BC942}") = "event_parameter", "event_parameter.vcxproj", "{2AC72DF4-33DA-4943-8AAA-07A16EC3E88C}"
EndProject
Project("{8BC9CEB8-8B4A-11D0-8D11-00A0C91BC942}") = "load_banks", "load_banks.vcxproj", "{E935024D-8488-424F-8CC6-D5B14EDD5A69}"
EndProject
Project("{8BC9CEB8-8B4A-11D0-8D11-00A0C91BC942}") = "music_callbacks", "music_callbacks.vcxproj", "{4D47DD01-7A18-4C35-934F-25A35E76F16D}"
EndProject
Project("{8BC9CEB8-8B4A-11D0-8D11-00A0C91BC942}") = "objectpan", "objectpan.vcxproj", "{AEA100C5-228E-42D5-AC41-582AF1280186}"
EndProject
Project("{8BC9CEB8-8B4A-11D0-8D11-00A0C91BC942}") = "programmer_sound", "programmer_sound.vcxproj", "{07F5F6E3-6F40-41E2-B82B-0E4589B481BA}"
EndProject
Project("{8BC9CEB8-8B4A-11D0-8D11-00A0C91BC942}") = "recording_playback", "recording_playback.vcxproj", "{09CA1AF4-465D-4F4C-B5CB-53997F1B089E}"
EndProject
Project("{8BC9CEB8-8B4A-11D0-8D11-00A0C91BC942}") = "simple_event", "simple_event.vcxproj", "{7647A021-34A9-423D-9828-B5F323032849}"
EndProject
Global
	GlobalSection(SolutionConfigurationPlatforms) = preSolution
		Debug|Win32 = Debug|Win32
		Debug|x64 = Debug|x64
		Debug|ARM64 = Debug|ARM64
		Release|Win32 = Release|Win32
		Release|x64 = Release|x64
		Release|ARM64 = Release|ARM64
	EndGlobalSection
	GlobalSection(ProjectConfigurationPlatforms) = postSolution
		{67885E1B-A8A2-4D72-9EB9-7CCA642F3FE3}.Debug|Win32.ActiveCfg = Debug|Win32
		{67885E1B-A8A2-4D72-9EB9-7CCA642F3FE3}.Debug|Win32.Build.0 = Debug|Win32
		{67885E1B-A8A2-4D72-9EB9-7CCA642F3FE3}.Debug|Win32.Deploy.0 = Debug|Win32
		{67885E1B-A8A2-4D72-9EB9-7CCA642F3FE3}.Debug|x64.ActiveCfg = Debug|x64
		{67885E1B-A8A2-4D72-9EB9-7CCA642F3FE3}.Debug|x64.Build.0 = Debug|x64
		{67885E1B-A8A2-4D72-9EB9-7CCA642F3FE3}.Debug|x64.Deploy.0 = Debug|x64
		{67885E1B-A8A2-4D72-9EB9-7CCA642F3FE3}.Debug|ARM64.ActiveCfg = Debug|ARM64
		{67885E1B-A8A2-4D72-9EB9-7CCA642F3FE3}.Debug|ARM64.Build.0 = Debug|ARM64
		{67885E1B-A8A2-4D72-9EB9-7CCA642F3FE3}.Debug|ARM64.Deploy.0 = Debug|ARM64
		{67885E1B-A8A2-4D72-9EB9-7CCA642F3FE3}.Release|Win32.ActiveCfg = Release|Win32
		{67885E1B-A8A2-4D72-9EB9-7CCA642F3FE3}.Release|Win32.Build.0 = Release|Win32
		{67885E1B-A8A2-4D72-9EB9-7CCA642F3FE3}.Release|Win32.Deploy.0 = Release|Win32
		{67885E1B-A8A2-4D72-9EB9-7CCA642F3FE3}.Release|x64.ActiveCfg = Release|x64
		{67885E1B-A8A2-4D72-9EB9-7CCA642F3FE3}.Release|x64.Build.0 = Release|x64
		{67885E1B-A8A2-4D72-9EB9-7CCA642F3FE3}.Release|x64.Deploy.0 = Release|x64
		{67885E1B-A8A2-4D72-9EB9-7CCA642F3FE3}.Release|ARM64.ActiveCfg = Release|ARM64
		{67885E1B-A8A2-4D72-9EB9-7CCA642F3FE3}.Release|ARM64.Build.0 = Release|ARM64
		{67885E1B-A8A2-4D72-9EB9-7CCA642F3FE3}.Release|ARM64.Deploy.0 = Release|ARM64
		{7E5FDC62-A02E-48C1-A555-758D7BBCFDF7}.Debug|Win32.ActiveCfg = Debug|Win32
		{7E5FDC62-A02E-48C1-A555-758D7BBCFDF7}.Debug|Win32.Build.0 = Debug|Win32
		{7E5FDC62-A02E-48C1-A555-758D7BBCFDF7}.Debug|Win32.Deploy.0 = Debug|Win32
		{7E5FDC62-A02E-48C1-A555-758D7BBCFDF7}.Debug|x64.ActiveCfg = Debug|x64
		{7E5FDC62-A02E-48C1-A555-758D7BBCFDF7}.Debug|x64.Build.0 = Debug|x64
		{7E5FDC62-A02E-48C1-A555-758D7BBCFDF7}.Debug|x64.Deploy.0 = Debug|x64
		{7E5FDC62-A02E-48C1-A555-758D7BBCFDF7}.Debug|ARM64.ActiveCfg = Debug|ARM64
		{7E5FDC62-A02E-48C1-A555-758D7BBCFDF7}.Debug|ARM64.Build.0 = Debug|ARM64
		{7E5FDC62-A02E-48C1-A555-758D7BBCFDF7}.Debug|ARM64.Deploy.0 = Debug|ARM64
		{7E5FDC62-A02E-48C1-A555-758D7BBCFDF7}.Release|Win32.ActiveCfg = Release|Win32
		{7E5FDC62-A02E-48C1-A555-758D7BBCFDF7}.Release|Win32.Build.0 = Release|Win32
		{7E5FDC62-A02E-48C1-A555-758D7BBCFDF7}.Release|Win32.Deploy.0 = Release|Win32
		{7E5FDC62-A02E-48C1-A555-758D7BBCFDF7}.Release|x64.ActiveCfg = Release|x64
		{7E5FDC62-A02E-48C1-A555-758D7BBCFDF7}.Release|x64.Build.0 = Release|x64
		{7E5FDC62-A02E-48C1-A555-758D7BBCFDF7}.Release|x64.Deploy.0 = Release|x64
		{7E5FDC62-A02E-48C1-A555-758D7BBCFDF7}.Release|ARM64.ActiveCfg = Release|ARM64
		{7E5FDC62-A02E-48C1-A555-758D7BBCFDF7}.Release|ARM64.Build.0 = Release|ARM64
		{7E5FDC62-A02E-48C1-A555-758D7BBCFDF7}.Release|ARM64.Deploy.0 = Release|ARM64
		{2AC72DF4-33DA-4943-8AAA-07A16EC3E88C}.Debug|Win32.ActiveCfg = Debug|Win32
		{2AC72DF4-33DA-4943-8AAA-07A16EC3E88C}.Debug|Win32.Build.0 = Debug|Win32
		{2AC72DF4-33DA-4943-8AAA-07A16EC3E88C}.Debug|Win32.Deploy.0 = Debug|Win32
		{2AC72DF4-33DA-4943-8AAA-07A16EC3E88C}.Debug|x64.ActiveCfg = Debug|x64
		{2AC72DF4-33DA-4943-8AAA-07A16EC3E88C}.Debug|x64.Build.0 = Debug|x64
		{2AC72DF4-33DA-4943-8AAA-07A16EC3E88C}.Debug|x64.Deploy.0 = Debug|x64
		{2AC72DF4-33DA-4943-8AAA-07A16EC3E88C}.Debug|ARM64.ActiveCfg = Debug|ARM64
		{2AC72DF4-33DA-4943-8AAA-07A16EC3E88C}.Debug|ARM64.Build.0 = Debug|ARM64
		{2AC72DF4-33DA-4943-8AAA-07A16EC3E88C}.Debug|ARM64.Deploy.0 = Debug|ARM64
		{2AC72DF4-33DA-4943-8AAA-07A16EC3E88C}.Release|Win32.ActiveCfg = Release|Win32
		{2AC72DF4-33DA-4943-8AAA-07A16EC3E88C}.Release|Win32.Build.0 = Release|Win32
		{2AC72DF4-33DA-4943-8AAA-07A16EC3E88C}.Release|Win32.Deploy.0 = Release|Win32
		{2AC72DF4-33DA-4943-8AAA-07A16EC3E88C}.Release|x64.ActiveCfg = Release|x64
		{2AC72DF4-33DA-4943-8AAA-07A16EC3E88C}.Release|x64.Build.0 = Release|x64
		{2AC72DF4-33DA-4943-8AAA-07A16EC3E88C}.Release|x64.Deploy.0 = Release|x64
		{2AC72DF4-33DA-4943-8AAA-07A16EC3E88C}.Release|ARM64.ActiveCfg = Release|ARM64
		{2AC72DF4-33DA-4943-8AAA-07A16EC3E88C}.Release|ARM64.Build.0 = Release|ARM64
		{2AC72DF4-33DA-4943-8AAA-07A16EC3E88C}.Release|ARM64.Deploy.0 = Release|ARM64
		{E935024D-8488-424F-8CC6-D5B14EDD5A69}.Debug|Win32.ActiveCfg = Debug|Win32
		{E935024D-8488-424F-8CC6-D5B14EDD5A69}.Debug|Win32.Build.0 = Debug|Win32
		{E935024D-8488-424F-8CC6-D5B14EDD5A69}.Debug|Win32.Deploy.0 = Debug|Win32
		{E935024D-8488-424F-8CC6-D5B14EDD5A69}.Debug|x64.ActiveCfg = Debug|x64
		{E935024D-8488-424F-8CC6-D5B14EDD5A69}.Debug|x64.Build.0 = Debug|x64
		{E935024D-8488-424F-8CC6-D5B14EDD5A69}.Debug|x64.Deploy.0 = Debug|x64
		{E935024D-8488-424F-8CC6-D5B14EDD5A69}.Debug|ARM64.ActiveCfg = Debug|ARM64
		{E935024D-8488-424F-8CC6-D5B14EDD5A69}.Debug|ARM64.Build.0 = Debug|ARM64
		{E935024D-8488-424F-8CC6-D5B14EDD5A69}.Debug|ARM64.Deploy.0 = Debug|ARM64
		{E935024D-8488-424F-8CC6-D5B14EDD5A69}.Release|Win32.ActiveCfg = Release|Win32
		{E935024D-8488-424F-8CC6-D5B14EDD5A69}.Release|Win32.Build.0 = Release|Win32
		{E935024D-8488-424F-8CC6-D5B14EDD5A69}.Release|Win32.Deploy.0 = Release|Win32
		{E935024D-8488-424F-8CC6-D5B14EDD5A69}.Release|x64.ActiveCfg = Release|x64
		{E935024D-8488-424F-8CC6-D5B14EDD5A69}.Release|x64.Build.0 = Release|x64
		{E935024D-8488-424F-8CC6-D5B14EDD5A69}.Release|x64.Deploy.0 = Release|x64
		{E935024D-8488-424F-8CC6-D5B14EDD5A69}.Release|ARM64.ActiveCfg = Release|ARM64
		{E935024D-8488-424F-8CC6-D5B14EDD5A69}.Release|ARM64.Build.0 = Release|ARM64
		{E935024D-8488-424F-8CC6-D5B14EDD5A69}.Release|ARM64.Deploy.0 = Release|ARM64
		{4D47DD01-7A18-4C35-934F-25A35E76F16D}.Debug|Win32.ActiveCfg = Debug|Win32
		{4D47DD01-7A18-4C35-934F-25A35E76F16D}.Debug|Win32.Build.0 = Debug|Win32
		{4D47DD01-7A18-4C35-934F-25A35E76F16D}.Debug|Win32.Deploy.0 = Debug|Win32
		{4D47DD01-7A18-4C35-934F-25A35E76F16D}.Debug|x64.ActiveCfg = Debug|x64
		{4D47DD01-7A18-4C35-934F-25A35E76F16D}.Debug|x64.Build.0 = Debug|x64
		{4D47DD01-7A18-4C35-934F-25A35E76F16D}.Debug|x64.Deploy.0 = Debug|x64
		{4D47DD01-7A18-4C35-934F-25A35E76F16D}.Debug|ARM64.ActiveCfg = Debug|ARM64
		{4D47DD01-7A18-4C35-934F-25A35E76F16D}.Debug|ARM64.Build.0 = Debug|ARM64
		{4D47DD01-7A18-4C35-934F-25A35E76F16D}.Debug|ARM64.Deploy.0 = Debug|ARM64
		{4D47DD01-7A18-4C35-934F-25A35E76F16D}.Release|Win32.ActiveCfg = Release|Win32
		{4D47DD01-7A18-4C35-934F-25A35E76F16D}.Release|Win32.Build.0 = Release|Win32
		{4D47DD01-7A18-4C35-934F-25A35E76F16D}.Release|Win32.Deploy.0 = Release|Win32
		{4D47DD01-7A18-4C35-934F-25A35E76F16D}.Release|x64.ActiveCfg = Release|x64
		{4D47DD01-7A18-4C35-934F-25A35E76F16D}.Release|x64.Build.0 = Release|x64
		{4D47DD01-7A18-4C35-934F-25A35E76F16D}.Release|x64.Deploy.0 = Release|x64
		{4D47DD01-7A18-4C35-934F-25A35E76F16D}.Release|ARM64.ActiveCfg = Release|ARM64
		{4D47DD01-7A18-4C35-934F-25A35E76F16D}.Release|ARM64.Build.0 = Release|ARM64
		{4D47DD01-7A18-4C35-934F-25A35E76F16D}.Release|ARM64.Deploy.0 = Release|ARM64
		{AEA100C5-228E-42D5-AC41-582AF1280186}.Debug|Win32.ActiveCfg = Debug|Win32
		{AEA100C5-228E-42D5-AC41-582AF1280186}.Debug|Win32.Build.0 = Debug|Win32
		{AEA100C5-228E-42D5-AC41-582AF1280186}.Debug|Win32.Deploy.0 = Debug|Win32
		{AEA100C5-228E-42D5-AC41-582AF1280186}.Debug|x64.ActiveCfg = Debug|x64
		{AEA100C5-228E-42D5-AC41-582AF1280186}.Debug|x64.Build.0 = Debug|x64
		{AEA100C5-228E-42D5-AC41-582AF1280186}.Debug|x64.Deploy.0 = Debug|x64
		{AEA100C5-228E-42D5-AC41-582AF1280186}.Debug|ARM64.ActiveCfg = Debug|ARM64
		{AEA100C5-228E-42D5-AC41-582AF1280186}.Debug|ARM64.Build.0 = Debug|ARM64
		{AEA100C5-228E-42D5-AC41-582AF1280186}.Debug|ARM64.Deploy.0 = Debug|ARM64
		{AEA100C5-228E-42D5-AC41-582AF1280186}.Release|Win32.ActiveCfg = Release|Win32
		{AEA100C5-228E-42D5-AC41-582AF1280186}.Release|Win32.Build.0 = Release|Win32
		{AEA100C5-228E-42D5-AC41-582AF1280186}.Release|Win32.Deploy.0 = Release|Win32
		{AEA100C5-228E-42D5-AC41-582AF1280186}.Release|x64.ActiveCfg = Release|x64
		{AEA100C5-228E-42D5-AC41-582AF1280186}.Release|x64.Build.0 = Release|x64
		{AEA100C5-228E-42D5-AC41-582AF1280186}.Release|x64.Deploy.0 = Release|x64
		{AEA100C5-228E-42D5-AC41-582AF1280186}.Release|ARM64.ActiveCfg = Release|ARM64
		{AEA100C5-228E-42D5-AC41-582AF1280186}.Release|ARM64.Build.0 = Release|ARM64
		{AEA100C5-228E-42D5-AC41-582AF1280186}.Release|ARM64.Deploy.0 = Release|ARM64
		{07F5F6E3-6F40-41E2-B82B-0E4589B481BA}.Debug|Win32.ActiveCfg = Debug|Win32
		{07F5F6E3-6F40-41E2-B82B-0E4589B481BA}.Debug|Win32.Build.0 = Debug|Win32
		{07F5F6E3-6F40-41E2-B82B-0E4589B481BA}.Debug|Win32.Deploy.0 = Debug|Win32
		{07F5F6E3-6F40-41E2-B82B-0E4589B481BA}.Debug|x64.ActiveCfg = Debug|x64
		{07F5F6E3-6F40-41E2-B82B-0E4589B481BA}.Debug|x64.Build.0 = Debug|x64
		{07F5F6E3-6F40-41E2-B82B-0E4589B481BA}.Debug|x64.Deploy.0 = Debug|x64
		{07F5F6E3-6F40-41E2-B82B-0E4589B481BA}.Debug|ARM64.ActiveCfg = Debug|ARM64
		{07F5F6E3-6F40-41E2-B82B-0E4589B481BA}.Debug|ARM64.Build.0 = Debug|ARM64
		{07F5F6E3-6F40-41E2-B82B-0E4589B481BA}.Debug|ARM64.Deploy.0 = Debug|ARM64
		{07F5F6E3-6F40-41E2-B82B-0E4589B481BA}.Release|Win32.ActiveCfg = Release|Win32
		{07F5F6E3-6F40-41E2-B82B-0E4589B481BA}.Release|Win32.Build.0 = Release|Win32
		{07F5F6E3-6F40-41E2-B82B-0E4589B481BA}.Release|Win32.Deploy.0 = Release|Win32
		{07F5F6E3-6F40-41E2-B82B-0E4589B481BA}.Release|x64.ActiveCfg = Release|x64
		{07F5F6E3-6F40-41E2-B82B-0E4589B481BA}.Release|x64.Build.0 = Release|x64
		{07F5F6E3-6F40-41E2-B82B-0E4589B481BA}.Release|x64.Deploy.0 = Release|x64
		{07F5F6E3-6F40-41E2-B82B-0E4589B481BA}.Release|ARM64.ActiveCfg = Release|ARM64
		{07F5F6E3-6F40-41E2-B82B-0E4589B481BA}.Release|ARM64.Build.0 = Release|ARM64
		{07F5F6E3-6F40-41E2-B82B-0E4589B481BA}.Release|ARM64.Deploy.0 = Release|ARM64
		{09CA1AF4-465D-4F4C-B5CB-53997F1B089E}.Debug|Win32.ActiveCfg = Debug|Win32
		{09CA1AF4-465D-4F4C-B5CB-53997F1B089E}.Debug|Win32.Build.0 = Debug|Win32
		{09CA1AF4-465D-4F4C-B5CB-53997F1B089E}.Debug|Win32.Deploy.0 = Debug|Win32
		{09CA1AF4-465D-4F4C-B5CB-53997F1B089E}.Debug|x64.ActiveCfg = Debug|x64
		{09CA1AF4-465D-4F4C-B5CB-53997F1B089E}.Debug|x64.Build.0 = Debug|x64
		{09CA1AF4-465D-4F4C-B5CB-53997F1B089E}.Debug|x64.Deploy.0 = Debug|x64
		{09CA1AF4-465D-4F4C-B5CB-53997F1B089E}.Debug|ARM64.ActiveCfg = Debug|ARM64
		{09CA1AF4-465D-4F4C-B5CB-53997F1B089E}.Debug|ARM64.Build.0 = Debug|ARM64
		{09CA1AF4-465D-4F4C-B5CB-53997F1B089E}.Debug|ARM64.Deploy.0 = Debug|ARM64
		{09CA1AF4-465D-4F4C-B5CB-53997F1B089E}.Release|Win32.ActiveCfg = Release|Win32
		{09CA1AF4-465D-4F4C-B5CB-53997F1B089E}.Release|Win32.Build.0 = Release|Win32
		{09CA1AF4-465D-4F4C-B5CB-53997F1B089E}.Release|Win32.Deploy.0 = Release|Win32
		{09CA1AF4-465D-4F4C-B5CB-53997F1B089E}.Release|x64.ActiveCfg = Release|x64
		{09CA1AF4-465D-4F4C-B5CB-53997F1B089E}.Release|x64.Build.0 = Release|x64
		{09CA1AF4-465D-4F4C-B5CB-53997F1B089E}.Release|x64.Deploy.0 = Release|x64
		{09CA1AF4-465D-4F4C-B5CB-53997F1B089E}.Release|ARM64.ActiveCfg = Release|ARM64
		{09CA1AF4-465D-4F4C-B5CB-53997F1B089E}.Release|ARM64.Build.0 = Release|ARM64
		{09CA1AF4-465D-4F4C-B5CB-53997F1B089E}.Release|ARM64.Deploy.0 = Release|ARM64
		{7647A021-34A9-423D-9828-B5F323032849}.Debug|Win32.ActiveCfg = Debug|Win32
		{7647A021-34A9-423D-9828-B5F323032849}.Debug|Win32.Build.0 = Debug|Win32
		{7647A021-34A9-423D-9828-B5F323032849}.Debug|Win32.Deploy.0 = Debug|Win32
		{7647A021-34A9-423D-9828-B5F323032849}.Debug|x64.ActiveCfg = Debug|x64
		{7647A021-34A9-423D-9828-B5F323032849}.Debug|x64.Build.0 = Debug|x64
		{7647A021-34A9-423D-9828-B5F323032849}.Debug|x64.Deploy.0 = Debug|x64
		{7647A021-34A9-423D-9828-B5F323032849}.Debug|ARM64.ActiveCfg = Debug|ARM64
		{7647A021-34A9-423D-9828-B5F323032849}.Debug|ARM64.Build.0 = Debug|ARM64
		{7647A021-34A9-423D-9828-B5F323032849}.Debug|ARM64.Deploy.0 = Debug|ARM64
		{7647A021-34A9-423D-9828-B5F323032849}.Release|Win32.ActiveCfg = Release|Win32
		{7647A021-34A9-423D-9828-B5F323032849}.Release|Win32.Build.0 = Release|Win32
		{7647A021-34A9-423D-9828-B5F323032849}.Release|Win32.Deploy.0 = Release|Win32
		{7647A021-34A9-423D-9828-B5F323032849}.Release|x64.ActiveCfg = Release|x64
		{7647A021-34A9-423D-9828-B5F323032849}.Release|x64.Build.0 = Release|x64
		{7647A021-34A9-423D-9828-B5F323032849}.Release|x64.Deploy.0 = Release|x64
		{7647A021-34A9-423D-9828-B5F323032849}.Release|ARM64.ActiveCfg = Release|ARM64
		{7647A021-34A9-423D-9828-B5F323032849}.Release|ARM64.Build.0 = Release|ARM64
		{7647A021-34A9-423D-9828-B5F323032849}.Release|ARM64.Deploy.0 = Release|ARM64
	EndGlobalSection
	GlobalSection(SolutionProperties) = preSolution
		HideSolutionNode = FALSE
	EndGlobalSection
EndGlobal
